// !$*UTF8*$!
{
	archiveVersion = 1;
	classes = {
	};
	objectVersion = 46;
	objects = {

/* Begin PBXBuildFile section */
		85122DB11D000E42009B7FD9 /* DJNewsContentMgr.m in Sources */ = {isa = PBXBuildFile; fileRef = 85122DAB1D000E42009B7FD9 /* DJNewsContentMgr.m */; };
		85122DB21D000E42009B7FD9 /* DJNewsDetailModel.m in Sources */ = {isa = PBXBuildFile; fileRef = 85122DAD1D000E42009B7FD9 /* DJNewsDetailModel.m */; };
		85122DB41D000E42009B7FD9 /* dummyJSON.json in Resources */ = {isa = PBXBuildFile; fileRef = 85122DB01D000E42009B7FD9 /* dummyJSON.json */; };
		85198ACA1CFBD06700026C48 /* UIView+frameAdjust.m in Sources */ = {isa = PBXBuildFile; fileRef = 85198AC91CFBD06700026C48 /* UIView+frameAdjust.m */; };
		851B0D4C1CFDAC5000E19B02 /* NoImage.png in Resources */ = {isa = PBXBuildFile; fileRef = 851B0D4B1CFDAC5000E19B02 /* NoImage.png */; };
		853A06761D01694F001C29B8 /* DJCommentToolBar.m in Sources */ = {isa = PBXBuildFile; fileRef = 853A06751D01694F001C29B8 /* DJCommentToolBar.m */; };
		853A06791D018E21001C29B8 /* DJContentEditor.m in Sources */ = {isa = PBXBuildFile; fileRef = 853A06781D018E21001C29B8 /* DJContentEditor.m */; };
		853A06821D019566001C29B8 /* DJEditorToolBar.m in Sources */ = {isa = PBXBuildFile; fileRef = 853A06811D019566001C29B8 /* DJEditorToolBar.m */; };
		857AF4911CF7E7420090A3F2 /* main.m in Sources */ = {isa = PBXBuildFile; fileRef = 857AF4901CF7E7420090A3F2 /* main.m */; };
		857AF4941CF7E7420090A3F2 /* DJAppDelegate.m in Sources */ = {isa = PBXBuildFile; fileRef = 857AF4931CF7E7420090A3F2 /* DJAppDelegate.m */; };
		857AF49C1CF7E7420090A3F2 /* Assets.xcassets in Resources */ = {isa = PBXBuildFile; fileRef = 857AF49B1CF7E7420090A3F2 /* Assets.xcassets */; };
		857AF49F1CF7E7420090A3F2 /* LaunchScreen.storyboard in Resources */ = {isa = PBXBuildFile; fileRef = 857AF49D1CF7E7420090A3F2 /* LaunchScreen.storyboard */; };
		857AF4AA1CF7E7420090A3F2 /* baoliaoxianfengTests.m in Sources */ = {isa = PBXBuildFile; fileRef = 857AF4A91CF7E7420090A3F2 /* baoliaoxianfengTests.m */; };
		857AF4B51CF7E7420090A3F2 /* baoliaoxianfengUITests.m in Sources */ = {isa = PBXBuildFile; fileRef = 857AF4B41CF7E7420090A3F2 /* baoliaoxianfengUITests.m */; };
		857AF4C51CF7F6720090A3F2 /* DJCustomURLProtocol.m in Sources */ = {isa = PBXBuildFile; fileRef = 857AF4C41CF7F6720090A3F2 /* DJCustomURLProtocol.m */; };
		857AF4C81CF7F87B0090A3F2 /* DJRootViewController.m in Sources */ = {isa = PBXBuildFile; fileRef = 857AF4C71CF7F87B0090A3F2 /* DJRootViewController.m */; };
		857AF4D01CF82A810090A3F2 /* DJAPPUtility.m in Sources */ = {isa = PBXBuildFile; fileRef = 857AF4CF1CF82A810090A3F2 /* DJAPPUtility.m */; };
		857AF4D81CF82B0F0090A3F2 /* NSString+DJMD5String.m in Sources */ = {isa = PBXBuildFile; fileRef = 857AF4D71CF82B0F0090A3F2 /* NSString+DJMD5String.m */; };
		85F279FC1CFFC231001EA1C9 /* DJNewsDetailView.m in Sources */ = {isa = PBXBuildFile; fileRef = 85F279FB1CFFC231001EA1C9 /* DJNewsDetailView.m */; };
		94C85D88DD9B9790C8A86803 /* libPods.a in Frameworks */ = {isa = PBXBuildFile; fileRef = 4D81D874B4C45C4FCB6D614E /* libPods.a */; };
/* End PBXBuildFile section */

/* Begin PBXContainerItemProxy section */
		857AF4A61CF7E7420090A3F2 /* PBXContainerItemProxy */ = {
			isa = PBXContainerItemProxy;
			containerPortal = 857AF4841CF7E7410090A3F2 /* Project object */;
			proxyType = 1;
			remoteGlobalIDString = 857AF48B1CF7E7410090A3F2;
			remoteInfo = baoliaoxianfeng;
		};
		857AF4B11CF7E7420090A3F2 /* PBXContainerItemProxy */ = {
			isa = PBXContainerItemProxy;
			containerPortal = 857AF4841CF7E7410090A3F2 /* Project object */;
			proxyType = 1;
			remoteGlobalIDString = 857AF48B1CF7E7410090A3F2;
			remoteInfo = baoliaoxianfeng;
		};
/* End PBXContainerItemProxy section */

/* Begin PBXFileReference section */
		4D81D874B4C45C4FCB6D614E /* libPods.a */ = {isa = PBXFileReference; explicitFileType = archive.ar; includeInIndex = 0; path = libPods.a; sourceTree = BUILT_PRODUCTS_DIR; };
		85122DAA1D000E42009B7FD9 /* DJNewsContentMgr.h */ = {isa = PBXFileReference; fileEncoding = 4; lastKnownFileType = sourcecode.c.h; path = DJNewsContentMgr.h; sourceTree = "<group>"; };
		85122DAB1D000E42009B7FD9 /* DJNewsContentMgr.m */ = {isa = PBXFileReference; fileEncoding = 4; lastKnownFileType = sourcecode.c.objc; path = DJNewsContentMgr.m; sourceTree = "<group>"; };
		85122DAC1D000E42009B7FD9 /* DJNewsDetailModel.h */ = {isa = PBXFileReference; fileEncoding = 4; lastKnownFileType = sourcecode.c.h; path = DJNewsDetailModel.h; sourceTree = "<group>"; };
		85122DAD1D000E42009B7FD9 /* DJNewsDetailModel.m */ = {isa = PBXFileReference; fileEncoding = 4; lastKnownFileType = sourcecode.c.objc; path = DJNewsDetailModel.m; sourceTree = "<group>"; };
		85122DB01D000E42009B7FD9 /* dummyJSON.json */ = {isa = PBXFileReference; fileEncoding = 4; lastKnownFileType = text.json; path = dummyJSON.json; sourceTree = "<group>"; };
		85198AC81CFBD06700026C48 /* UIView+frameAdjust.h */ = {isa = PBXFileReference; fileEncoding = 4; lastKnownFileType = sourcecode.c.h; path = "UIView+frameAdjust.h"; sourceTree = "<group>"; };
		85198AC91CFBD06700026C48 /* UIView+frameAdjust.m */ = {isa = PBXFileReference; fileEncoding = 4; lastKnownFileType = sourcecode.c.objc; path = "UIView+frameAdjust.m"; sourceTree = "<group>"; };
		851B0D4B1CFDAC5000E19B02 /* NoImage.png */ = {isa = PBXFileReference; lastKnownFileType = image.png; name = NoImage.png; path = ../../Text/NoImage.png; sourceTree = "<group>"; };
		853A06741D01694F001C29B8 /* DJCommentToolBar.h */ = {isa = PBXFileReference; fileEncoding = 4; lastKnownFileType = sourcecode.c.h; path = DJCommentToolBar.h; sourceTree = "<group>"; };
		853A06751D01694F001C29B8 /* DJCommentToolBar.m */ = {isa = PBXFileReference; fileEncoding = 4; lastKnownFileType = sourcecode.c.objc; path = DJCommentToolBar.m; sourceTree = "<group>"; };
		853A06771D018E21001C29B8 /* DJContentEditor.h */ = {isa = PBXFileReference; fileEncoding = 4; lastKnownFileType = sourcecode.c.h; path = DJContentEditor.h; sourceTree = "<group>"; };
		853A06781D018E21001C29B8 /* DJContentEditor.m */ = {isa = PBXFileReference; fileEncoding = 4; lastKnownFileType = sourcecode.c.objc; path = DJContentEditor.m; sourceTree = "<group>"; };
		853A06801D019566001C29B8 /* DJEditorToolBar.h */ = {isa = PBXFileReference; fileEncoding = 4; lastKnownFileType = sourcecode.c.h; path = DJEditorToolBar.h; sourceTree = "<group>"; };
		853A06811D019566001C29B8 /* DJEditorToolBar.m */ = {isa = PBXFileReference; fileEncoding = 4; lastKnownFileType = sourcecode.c.objc; path = DJEditorToolBar.m; sourceTree = "<group>"; };
		857AF48C1CF7E7410090A3F2 /* baoliaoxianfeng.app */ = {isa = PBXFileReference; explicitFileType = wrapper.application; includeInIndex = 0; path = baoliaoxianfeng.app; sourceTree = BUILT_PRODUCTS_DIR; };
		857AF4901CF7E7420090A3F2 /* main.m */ = {isa = PBXFileReference; lastKnownFileType = sourcecode.c.objc; path = main.m; sourceTree = "<group>"; };
		857AF4921CF7E7420090A3F2 /* DJAppDelegate.h */ = {isa = PBXFileReference; lastKnownFileType = sourcecode.c.h; path = DJAppDelegate.h; sourceTree = "<group>"; };
		857AF4931CF7E7420090A3F2 /* DJAppDelegate.m */ = {isa = PBXFileReference; lastKnownFileType = sourcecode.c.objc; path = DJAppDelegate.m; sourceTree = "<group>"; };
		857AF49B1CF7E7420090A3F2 /* Assets.xcassets */ = {isa = PBXFileReference; lastKnownFileType = folder.assetcatalog; path = Assets.xcassets; sourceTree = "<group>"; };
		857AF49E1CF7E7420090A3F2 /* Base */ = {isa = PBXFileReference; lastKnownFileType = file.storyboard; name = Base; path = Base.lproj/LaunchScreen.storyboard; sourceTree = "<group>"; };
		857AF4A01CF7E7420090A3F2 /* Info.plist */ = {isa = PBXFileReference; lastKnownFileType = text.plist.xml; path = Info.plist; sourceTree = "<group>"; };
		857AF4A51CF7E7420090A3F2 /* baoliaoxianfengTests.xctest */ = {isa = PBXFileReference; explicitFileType = wrapper.cfbundle; includeInIndex = 0; path = baoliaoxianfengTests.xctest; sourceTree = BUILT_PRODUCTS_DIR; };
		857AF4A91CF7E7420090A3F2 /* baoliaoxianfengTests.m */ = {isa = PBXFileReference; lastKnownFileType = sourcecode.c.objc; path = baoliaoxianfengTests.m; sourceTree = "<group>"; };
		857AF4AB1CF7E7420090A3F2 /* Info.plist */ = {isa = PBXFileReference; lastKnownFileType = text.plist.xml; path = Info.plist; sourceTree = "<group>"; };
		857AF4B01CF7E7420090A3F2 /* baoliaoxianfengUITests.xctest */ = {isa = PBXFileReference; explicitFileType = wrapper.cfbundle; includeInIndex = 0; path = baoliaoxianfengUITests.xctest; sourceTree = BUILT_PRODUCTS_DIR; };
		857AF4B41CF7E7420090A3F2 /* baoliaoxianfengUITests.m */ = {isa = PBXFileReference; lastKnownFileType = sourcecode.c.objc; path = baoliaoxianfengUITests.m; sourceTree = "<group>"; };
		857AF4B61CF7E7420090A3F2 /* Info.plist */ = {isa = PBXFileReference; lastKnownFileType = text.plist.xml; path = Info.plist; sourceTree = "<group>"; };
		857AF4C31CF7F6720090A3F2 /* DJCustomURLProtocol.h */ = {isa = PBXFileReference; fileEncoding = 4; lastKnownFileType = sourcecode.c.h; path = DJCustomURLProtocol.h; sourceTree = "<group>"; };
		857AF4C41CF7F6720090A3F2 /* DJCustomURLProtocol.m */ = {isa = PBXFileReference; fileEncoding = 4; lastKnownFileType = sourcecode.c.objc; path = DJCustomURLProtocol.m; sourceTree = "<group>"; };
		857AF4C61CF7F87B0090A3F2 /* DJRootViewController.h */ = {isa = PBXFileReference; fileEncoding = 4; lastKnownFileType = sourcecode.c.h; name = DJRootViewController.h; path = ../DJRootViewController.h; sourceTree = "<group>"; };
		857AF4C71CF7F87B0090A3F2 /* DJRootViewController.m */ = {isa = PBXFileReference; fileEncoding = 4; lastKnownFileType = sourcecode.c.objc; name = DJRootViewController.m; path = ../DJRootViewController.m; sourceTree = "<group>"; };
		857AF4C91CF7FD6A0090A3F2 /* CommonDefine.pch */ = {isa = PBXFileReference; lastKnownFileType = sourcecode.c.h; path = CommonDefine.pch; sourceTree = "<group>"; };
		857AF4CA1CF821B20090A3F2 /* CommonMacro.h */ = {isa = PBXFileReference; lastKnownFileType = sourcecode.c.h; path = CommonMacro.h; sourceTree = "<group>"; };
		857AF4CE1CF82A810090A3F2 /* DJAPPUtility.h */ = {isa = PBXFileReference; fileEncoding = 4; lastKnownFileType = sourcecode.c.h; path = DJAPPUtility.h; sourceTree = "<group>"; };
		857AF4CF1CF82A810090A3F2 /* DJAPPUtility.m */ = {isa = PBXFileReference; fileEncoding = 4; lastKnownFileType = sourcecode.c.objc; path = DJAPPUtility.m; sourceTree = "<group>"; };
		857AF4D61CF82B0F0090A3F2 /* NSString+DJMD5String.h */ = {isa = PBXFileReference; fileEncoding = 4; lastKnownFileType = sourcecode.c.h; path = "NSString+DJMD5String.h"; sourceTree = "<group>"; };
		857AF4D71CF82B0F0090A3F2 /* NSString+DJMD5String.m */ = {isa = PBXFileReference; fileEncoding = 4; lastKnownFileType = sourcecode.c.objc; path = "NSString+DJMD5String.m"; sourceTree = "<group>"; };
		85F279FA1CFFC231001EA1C9 /* DJNewsDetailView.h */ = {isa = PBXFileReference; fileEncoding = 4; lastKnownFileType = sourcecode.c.h; path = DJNewsDetailView.h; sourceTree = "<group>"; };
		85F279FB1CFFC231001EA1C9 /* DJNewsDetailView.m */ = {isa = PBXFileReference; fileEncoding = 4; lastKnownFileType = sourcecode.c.objc; path = DJNewsDetailView.m; sourceTree = "<group>"; };
		B7DA5293FBDE8E9E4381BA1C /* Pods.debug.xcconfig */ = {isa = PBXFileReference; includeInIndex = 1; lastKnownFileType = text.xcconfig; name = Pods.debug.xcconfig; path = "Pods/Target Support Files/Pods/Pods.debug.xcconfig"; sourceTree = "<group>"; };
		F58FD785FB0F21ECD86CF753 /* Pods.release.xcconfig */ = {isa = PBXFileReference; includeInIndex = 1; lastKnownFileType = text.xcconfig; name = Pods.release.xcconfig; path = "Pods/Target Support Files/Pods/Pods.release.xcconfig"; sourceTree = "<group>"; };
/* End PBXFileReference section */

/* Begin PBXFrameworksBuildPhase section */
		857AF4891CF7E7410090A3F2 /* Frameworks */ = {
			isa = PBXFrameworksBuildPhase;
			buildActionMask = 2147483647;
			files = (
				94C85D88DD9B9790C8A86803 /* libPods.a in Frameworks */,
			);
			runOnlyForDeploymentPostprocessing = 0;
		};
		857AF4A21CF7E7420090A3F2 /* Frameworks */ = {
			isa = PBXFrameworksBuildPhase;
			buildActionMask = 2147483647;
			files = (
			);
			runOnlyForDeploymentPostprocessing = 0;
		};
		857AF4AD1CF7E7420090A3F2 /* Frameworks */ = {
			isa = PBXFrameworksBuildPhase;
			buildActionMask = 2147483647;
			files = (
			);
			runOnlyForDeploymentPostprocessing = 0;
		};
/* End PBXFrameworksBuildPhase section */

/* Begin PBXGroup section */
		6562B02B0FBB50D9DC13A304 /* Frameworks */ = {
			isa = PBXGroup;
			children = (
				4D81D874B4C45C4FCB6D614E /* libPods.a */,
			);
			name = Frameworks;
			sourceTree = "<group>";
		};
		799A367933D97E39F97462CF /* Pods */ = {
			isa = PBXGroup;
			children = (
				B7DA5293FBDE8E9E4381BA1C /* Pods.debug.xcconfig */,
				F58FD785FB0F21ECD86CF753 /* Pods.release.xcconfig */,
			);
			name = Pods;
			sourceTree = "<group>";
		};
		85122DA91D000E42009B7FD9 /* Model */ = {
			isa = PBXGroup;
			children = (
				85122DAA1D000E42009B7FD9 /* DJNewsContentMgr.h */,
				85122DAB1D000E42009B7FD9 /* DJNewsContentMgr.m */,
				85122DAC1D000E42009B7FD9 /* DJNewsDetailModel.h */,
				85122DAD1D000E42009B7FD9 /* DJNewsDetailModel.m */,
				85122DB01D000E42009B7FD9 /* dummyJSON.json */,
			);
			path = Model;
			sourceTree = "<group>";
		};
		8526025D1CFED08800CFD6C4 /* YYText */ = {
			isa = PBXGroup;
			children = (
				85122DA91D000E42009B7FD9 /* Model */,
				8526025E1CFED09500CFD6C4 /* View */,
			);
			path = YYText;
			sourceTree = "<group>";
		};
		8526025E1CFED09500CFD6C4 /* View */ = {
			isa = PBXGroup;
			children = (
				851B0D4B1CFDAC5000E19B02 /* NoImage.png */,
				85F279FA1CFFC231001EA1C9 /* DJNewsDetailView.h */,
				85F279FB1CFFC231001EA1C9 /* DJNewsDetailView.m */,
			);
			path = View;
			sourceTree = "<group>";
		};
		853A06731D01691E001C29B8 /* CommentToolBar */ = {
			isa = PBXGroup;
			children = (
				853A06741D01694F001C29B8 /* DJCommentToolBar.h */,
				853A06751D01694F001C29B8 /* DJCommentToolBar.m */,
				853A06801D019566001C29B8 /* DJEditorToolBar.h */,
				853A06811D019566001C29B8 /* DJEditorToolBar.m */,
			);
			path = CommentToolBar;
			sourceTree = "<group>";
		};
		857AF4831CF7E7410090A3F2 = {
			isa = PBXGroup;
			children = (
				857AF48E1CF7E7420090A3F2 /* baoliaoxianfeng */,
				857AF4A81CF7E7420090A3F2 /* baoliaoxianfengTests */,
				857AF4B31CF7E7420090A3F2 /* baoliaoxianfengUITests */,
				857AF48D1CF7E7410090A3F2 /* Products */,
				799A367933D97E39F97462CF /* Pods */,
				6562B02B0FBB50D9DC13A304 /* Frameworks */,
			);
			sourceTree = "<group>";
		};
		857AF48D1CF7E7410090A3F2 /* Products */ = {
			isa = PBXGroup;
			children = (
				857AF48C1CF7E7410090A3F2 /* baoliaoxianfeng.app */,
				857AF4A51CF7E7420090A3F2 /* baoliaoxianfengTests.xctest */,
				857AF4B01CF7E7420090A3F2 /* baoliaoxianfengUITests.xctest */,
			);
			name = Products;
			sourceTree = "<group>";
		};
		857AF48E1CF7E7420090A3F2 /* baoliaoxianfeng */ = {
			isa = PBXGroup;
			children = (
				853A06731D01691E001C29B8 /* CommentToolBar */,
				8526025D1CFED08800CFD6C4 /* YYText */,
				857AF4D51CF82B0F0090A3F2 /* Category */,
				857AF4CD1CF82A6D0090A3F2 /* Util */,
				857AF4CB1CF823D20090A3F2 /* BaseController */,
				857AF4C21CF7F6370090A3F2 /* Network */,
				857AF4921CF7E7420090A3F2 /* DJAppDelegate.h */,
				857AF4931CF7E7420090A3F2 /* DJAppDelegate.m */,
				857AF49B1CF7E7420090A3F2 /* Assets.xcassets */,
				857AF49D1CF7E7420090A3F2 /* LaunchScreen.storyboard */,
				857AF4A01CF7E7420090A3F2 /* Info.plist */,
				857AF48F1CF7E7420090A3F2 /* Supporting Files */,
			);
			path = baoliaoxianfeng;
			sourceTree = "<group>";
		};
		857AF48F1CF7E7420090A3F2 /* Supporting Files */ = {
			isa = PBXGroup;
			children = (
				857AF4901CF7E7420090A3F2 /* main.m */,
				857AF4C91CF7FD6A0090A3F2 /* CommonDefine.pch */,
				857AF4CA1CF821B20090A3F2 /* CommonMacro.h */,
			);
			name = "Supporting Files";
			sourceTree = "<group>";
		};
		857AF4A81CF7E7420090A3F2 /* baoliaoxianfengTests */ = {
			isa = PBXGroup;
			children = (
				857AF4A91CF7E7420090A3F2 /* baoliaoxianfengTests.m */,
				857AF4AB1CF7E7420090A3F2 /* Info.plist */,
			);
			path = baoliaoxianfengTests;
			sourceTree = "<group>";
		};
		857AF4B31CF7E7420090A3F2 /* baoliaoxianfengUITests */ = {
			isa = PBXGroup;
			children = (
				857AF4B41CF7E7420090A3F2 /* baoliaoxianfengUITests.m */,
				857AF4B61CF7E7420090A3F2 /* Info.plist */,
			);
			path = baoliaoxianfengUITests;
			sourceTree = "<group>";
		};
		857AF4C21CF7F6370090A3F2 /* Network */ = {
			isa = PBXGroup;
			children = (
				857AF4C31CF7F6720090A3F2 /* DJCustomURLProtocol.h */,
				857AF4C41CF7F6720090A3F2 /* DJCustomURLProtocol.m */,
			);
			path = Network;
			sourceTree = "<group>";
		};
		857AF4CB1CF823D20090A3F2 /* BaseController */ = {
			isa = PBXGroup;
			children = (
				857AF4C61CF7F87B0090A3F2 /* DJRootViewController.h */,
				857AF4C71CF7F87B0090A3F2 /* DJRootViewController.m */,
				853A06771D018E21001C29B8 /* DJContentEditor.h */,
				853A06781D018E21001C29B8 /* DJContentEditor.m */,
			);
			path = BaseController;
			sourceTree = "<group>";
		};
		857AF4CD1CF82A6D0090A3F2 /* Util */ = {
			isa = PBXGroup;
			children = (
				857AF4CE1CF82A810090A3F2 /* DJAPPUtility.h */,
				857AF4CF1CF82A810090A3F2 /* DJAPPUtility.m */,
				85198AC81CFBD06700026C48 /* UIView+frameAdjust.h */,
				85198AC91CFBD06700026C48 /* UIView+frameAdjust.m */,
			);
			path = Util;
			sourceTree = "<group>";
		};
		857AF4D51CF82B0F0090A3F2 /* Category */ = {
			isa = PBXGroup;
			children = (
				857AF4D61CF82B0F0090A3F2 /* NSString+DJMD5String.h */,
				857AF4D71CF82B0F0090A3F2 /* NSString+DJMD5String.m */,
			);
			path = Category;
			sourceTree = "<group>";
		};
/* End PBXGroup section */

/* Begin PBXNativeTarget section */
		857AF48B1CF7E7410090A3F2 /* baoliaoxianfeng */ = {
			isa = PBXNativeTarget;
			buildConfigurationList = 857AF4B91CF7E7420090A3F2 /* Build configuration list for PBXNativeTarget "baoliaoxianfeng" */;
			buildPhases = (
				C630EAE27E67766D9FDDA485 /* Check Pods Manifest.lock */,
				857AF4881CF7E7410090A3F2 /* Sources */,
				857AF4891CF7E7410090A3F2 /* Frameworks */,
				857AF48A1CF7E7410090A3F2 /* Resources */,
				136E0B8605AEBD38A8387BFA /* Embed Pods Frameworks */,
				19D9E248247377AB7FEF0CDB /* Copy Pods Resources */,
			);
			buildRules = (
			);
			dependencies = (
			);
			name = baoliaoxianfeng;
			productName = baoliaoxianfeng;
			productReference = 857AF48C1CF7E7410090A3F2 /* baoliaoxianfeng.app */;
			productType = "com.apple.product-type.application";
		};
		857AF4A41CF7E7420090A3F2 /* baoliaoxianfengTests */ = {
			isa = PBXNativeTarget;
			buildConfigurationList = 857AF4BC1CF7E7420090A3F2 /* Build configuration list for PBXNativeTarget "baoliaoxianfengTests" */;
			buildPhases = (
				857AF4A11CF7E7420090A3F2 /* Sources */,
				857AF4A21CF7E7420090A3F2 /* Frameworks */,
				857AF4A31CF7E7420090A3F2 /* Resources */,
			);
			buildRules = (
			);
			dependencies = (
				857AF4A71CF7E7420090A3F2 /* PBXTargetDependency */,
			);
			name = baoliaoxianfengTests;
			productName = baoliaoxianfengTests;
			productReference = 857AF4A51CF7E7420090A3F2 /* baoliaoxianfengTests.xctest */;
			productType = "com.apple.product-type.bundle.unit-test";
		};
		857AF4AF1CF7E7420090A3F2 /* baoliaoxianfengUITests */ = {
			isa = PBXNativeTarget;
			buildConfigurationList = 857AF4BF1CF7E7420090A3F2 /* Build configuration list for PBXNativeTarget "baoliaoxianfengUITests" */;
			buildPhases = (
				857AF4AC1CF7E7420090A3F2 /* Sources */,
				857AF4AD1CF7E7420090A3F2 /* Frameworks */,
				857AF4AE1CF7E7420090A3F2 /* Resources */,
			);
			buildRules = (
			);
			dependencies = (
				857AF4B21CF7E7420090A3F2 /* PBXTargetDependency */,
			);
			name = baoliaoxianfengUITests;
			productName = baoliaoxianfengUITests;
			productReference = 857AF4B01CF7E7420090A3F2 /* baoliaoxianfengUITests.xctest */;
			productType = "com.apple.product-type.bundle.ui-testing";
		};
/* End PBXNativeTarget section */

/* Begin PBXProject section */
		857AF4841CF7E7410090A3F2 /* Project object */ = {
			isa = PBXProject;
			attributes = {
				LastUpgradeCheck = 0730;
				ORGANIZATIONNAME = OneManArmy;
				TargetAttributes = {
					857AF48B1CF7E7410090A3F2 = {
						CreatedOnToolsVersion = 7.3.1;
					};
					857AF4A41CF7E7420090A3F2 = {
						CreatedOnToolsVersion = 7.3.1;
						TestTargetID = 857AF48B1CF7E7410090A3F2;
					};
					857AF4AF1CF7E7420090A3F2 = {
						CreatedOnToolsVersion = 7.3.1;
						TestTargetID = 857AF48B1CF7E7410090A3F2;
					};
				};
			};
			buildConfigurationList = 857AF4871CF7E7410090A3F2 /* Build configuration list for PBXProject "baoliaoxianfeng" */;
			compatibilityVersion = "Xcode 3.2";
			developmentRegion = English;
			hasScannedForEncodings = 0;
			knownRegions = (
				en,
				Base,
			);
			mainGroup = 857AF4831CF7E7410090A3F2;
			productRefGroup = 857AF48D1CF7E7410090A3F2 /* Products */;
			projectDirPath = "";
			projectRoot = "";
			targets = (
				857AF48B1CF7E7410090A3F2 /* baoliaoxianfeng */,
				857AF4A41CF7E7420090A3F2 /* baoliaoxianfengTests */,
				857AF4AF1CF7E7420090A3F2 /* baoliaoxianfengUITests */,
			);
		};
/* End PBXProject section */

/* Begin PBXResourcesBuildPhase section */
		857AF48A1CF7E7410090A3F2 /* Resources */ = {
			isa = PBXResourcesBuildPhase;
			buildActionMask = 2147483647;
			files = (
				85122DB41D000E42009B7FD9 /* dummyJSON.json in Resources */,
				857AF49F1CF7E7420090A3F2 /* LaunchScreen.storyboard in Resources */,
				851B0D4C1CFDAC5000E19B02 /* NoImage.png in Resources */,
				857AF49C1CF7E7420090A3F2 /* Assets.xcassets in Resources */,
			);
			runOnlyForDeploymentPostprocessing = 0;
		};
		857AF4A31CF7E7420090A3F2 /* Resources */ = {
			isa = PBXResourcesBuildPhase;
			buildActionMask = 2147483647;
			files = (
			);
			runOnlyForDeploymentPostprocessing = 0;
		};
		857AF4AE1CF7E7420090A3F2 /* Resources */ = {
			isa = PBXResourcesBuildPhase;
			buildActionMask = 2147483647;
			files = (
			);
			runOnlyForDeploymentPostprocessing = 0;
		};
/* End PBXResourcesBuildPhase section */

/* Begin PBXShellScriptBuildPhase section */
		136E0B8605AEBD38A8387BFA /* Embed Pods Frameworks */ = {
			isa = PBXShellScriptBuildPhase;
			buildActionMask = 2147483647;
			files = (
			);
			inputPaths = (
			);
			name = "Embed Pods Frameworks";
			outputPaths = (
			);
			runOnlyForDeploymentPostprocessing = 0;
			shellPath = /bin/sh;
			shellScript = "\"${SRCROOT}/Pods/Target Support Files/Pods/Pods-frameworks.sh\"\n";
			showEnvVarsInLog = 0;
		};
		19D9E248247377AB7FEF0CDB /* Copy Pods Resources */ = {
			isa = PBXShellScriptBuildPhase;
			buildActionMask = 2147483647;
			files = (
			);
			inputPaths = (
			);
			name = "Copy Pods Resources";
			outputPaths = (
			);
			runOnlyForDeploymentPostprocessing = 0;
			shellPath = /bin/sh;
			shellScript = "\"${SRCROOT}/Pods/Target Support Files/Pods/Pods-resources.sh\"\n";
			showEnvVarsInLog = 0;
		};
		C630EAE27E67766D9FDDA485 /* Check Pods Manifest.lock */ = {
			isa = PBXShellScriptBuildPhase;
			buildActionMask = 2147483647;
			files = (
			);
			inputPaths = (
			);
			name = "Check Pods Manifest.lock";
			outputPaths = (
			);
			runOnlyForDeploymentPostprocessing = 0;
			shellPath = /bin/sh;
			shellScript = "diff \"${PODS_ROOT}/../Podfile.lock\" \"${PODS_ROOT}/Manifest.lock\" > /dev/null\nif [[ $? != 0 ]] ; then\n    cat << EOM\nerror: The sandbox is not in sync with the Podfile.lock. Run 'pod install' or update your CocoaPods installation.\nEOM\n    exit 1\nfi\n";
			showEnvVarsInLog = 0;
		};
/* End PBXShellScriptBuildPhase section */

/* Begin PBXSourcesBuildPhase section */
		857AF4881CF7E7410090A3F2 /* Sources */ = {
			isa = PBXSourcesBuildPhase;
			buildActionMask = 2147483647;
			files = (
				853A06791D018E21001C29B8 /* DJContentEditor.m in Sources */,
				853A06821D019566001C29B8 /* DJEditorToolBar.m in Sources */,
				857AF4941CF7E7420090A3F2 /* DJAppDelegate.m in Sources */,
				85198ACA1CFBD06700026C48 /* UIView+frameAdjust.m in Sources */,
				853A06761D01694F001C29B8 /* DJCommentToolBar.m in Sources */,
				857AF4C51CF7F6720090A3F2 /* DJCustomURLProtocol.m in Sources */,
				85122DB21D000E42009B7FD9 /* DJNewsDetailModel.m in Sources */,
				85F279FC1CFFC231001EA1C9 /* DJNewsDetailView.m in Sources */,
				857AF4C81CF7F87B0090A3F2 /* DJRootViewController.m in Sources */,
				85122DB11D000E42009B7FD9 /* DJNewsContentMgr.m in Sources */,
				857AF4D81CF82B0F0090A3F2 /* NSString+DJMD5String.m in Sources */,
				857AF4D01CF82A810090A3F2 /* DJAPPUtility.m in Sources */,
				857AF4911CF7E7420090A3F2 /* main.m in Sources */,
			);
			runOnlyForDeploymentPostprocessing = 0;
		};
		857AF4A11CF7E7420090A3F2 /* Sources */ = {
			isa = PBXSourcesBuildPhase;
			buildActionMask = 2147483647;
			files = (
				857AF4AA1CF7E7420090A3F2 /* baoliaoxianfengTests.m in Sources */,
			);
			runOnlyForDeploymentPostprocessing = 0;
		};
		857AF4AC1CF7E7420090A3F2 /* Sources */ = {
			isa = PBXSourcesBuildPhase;
			buildActionMask = 2147483647;
			files = (
				857AF4B51CF7E7420090A3F2 /* baoliaoxianfengUITests.m in Sources */,
			);
			runOnlyForDeploymentPostprocessing = 0;
		};
/* End PBXSourcesBuildPhase section */

/* Begin PBXTargetDependency section */
		857AF4A71CF7E7420090A3F2 /* PBXTargetDependency */ = {
			isa = PBXTargetDependency;
			target = 857AF48B1CF7E7410090A3F2 /* baoliaoxianfeng */;
			targetProxy = 857AF4A61CF7E7420090A3F2 /* PBXContainerItemProxy */;
		};
		857AF4B21CF7E7420090A3F2 /* PBXTargetDependency */ = {
			isa = PBXTargetDependency;
			target = 857AF48B1CF7E7410090A3F2 /* baoliaoxianfeng */;
			targetProxy = 857AF4B11CF7E7420090A3F2 /* PBXContainerItemProxy */;
		};
/* End PBXTargetDependency section */

/* Begin PBXVariantGroup section */
		857AF49D1CF7E7420090A3F2 /* LaunchScreen.storyboard */ = {
			isa = PBXVariantGroup;
			children = (
				857AF49E1CF7E7420090A3F2 /* Base */,
			);
			name = LaunchScreen.storyboard;
			sourceTree = "<group>";
		};
/* End PBXVariantGroup section */

/* Begin XCBuildConfiguration section */
		857AF4B71CF7E7420090A3F2 /* Debug */ = {
			isa = XCBuildConfiguration;
			buildSettings = {
				ALWAYS_SEARCH_USER_PATHS = NO;
				CLANG_ANALYZER_NONNULL = YES;
				CLANG_CXX_LANGUAGE_STANDARD = "gnu++0x";
				CLANG_CXX_LIBRARY = "libc++";
				CLANG_ENABLE_MODULES = YES;
				CLANG_ENABLE_OBJC_ARC = YES;
				CLANG_WARN_BOOL_CONVERSION = YES;
				CLANG_WARN_CONSTANT_CONVERSION = YES;
				CLANG_WARN_DIRECT_OBJC_ISA_USAGE = YES_ERROR;
				CLANG_WARN_EMPTY_BODY = YES;
				CLANG_WARN_ENUM_CONVERSION = YES;
				CLANG_WARN_INT_CONVERSION = YES;
				CLANG_WARN_OBJC_ROOT_CLASS = YES_ERROR;
				CLANG_WARN_UNREACHABLE_CODE = YES;
				CLANG_WARN__DUPLICATE_METHOD_MATCH = YES;
				"CODE_SIGN_IDENTITY[sdk=iphoneos*]" = "iPhone Developer";
				COPY_PHASE_STRIP = NO;
				DEBUG_INFORMATION_FORMAT = dwarf;
				ENABLE_STRICT_OBJC_MSGSEND = YES;
				ENABLE_TESTABILITY = YES;
				GCC_C_LANGUAGE_STANDARD = gnu99;
				GCC_DYNAMIC_NO_PIC = NO;
				GCC_NO_COMMON_BLOCKS = YES;
				GCC_OPTIMIZATION_LEVEL = 0;
				GCC_PREPROCESSOR_DEFINITIONS = (
					"DEBUG=1",
					"$(inherited)",
				);
				GCC_WARN_64_TO_32_BIT_CONVERSION = YES;
				GCC_WARN_ABOUT_RETURN_TYPE = YES_ERROR;
				GCC_WARN_UNDECLARED_SELECTOR = YES;
				GCC_WARN_UNINITIALIZED_AUTOS = YES_AGGRESSIVE;
				GCC_WARN_UNUSED_FUNCTION = YES;
				GCC_WARN_UNUSED_VARIABLE = YES;
				IPHONEOS_DEPLOYMENT_TARGET = 9.3;
				MTL_ENABLE_DEBUG_INFO = YES;
				ONLY_ACTIVE_ARCH = YES;
				SDKROOT = iphoneos;
				TARGETED_DEVICE_FAMILY = "1,2";
			};
			name = Debug;
		};
		857AF4B81CF7E7420090A3F2 /* Release */ = {
			isa = XCBuildConfiguration;
			buildSettings = {
				ALWAYS_SEARCH_USER_PATHS = NO;
				CLANG_ANALYZER_NONNULL = YES;
				CLANG_CXX_LANGUAGE_STANDARD = "gnu++0x";
				CLANG_CXX_LIBRARY = "libc++";
				CLANG_ENABLE_MODULES = YES;
				CLANG_ENABLE_OBJC_ARC = YES;
				CLANG_WARN_BOOL_CONVERSION = YES;
				CLANG_WARN_CONSTANT_CONVERSION = YES;
				CLANG_WARN_DIRECT_OBJC_ISA_USAGE = YES_ERROR;
				CLANG_WARN_EMPTY_BODY = YES;
				CLANG_WARN_ENUM_CONVERSION = YES;
				CLANG_WARN_INT_CONVERSION = YES;
				CLANG_WARN_OBJC_ROOT_CLASS = YES_ERROR;
				CLANG_WARN_UNREACHABLE_CODE = YES;
				CLANG_WARN__DUPLICATE_METHOD_MATCH = YES;
				"CODE_SIGN_IDENTITY[sdk=iphoneos*]" = "iPhone Developer";
				COPY_PHASE_STRIP = NO;
				DEBUG_INFORMATION_FORMAT = "dwarf-with-dsym";
				ENABLE_NS_ASSERTIONS = NO;
				ENABLE_STRICT_OBJC_MSGSEND = YES;
				GCC_C_LANGUAGE_STANDARD = gnu99;
				GCC_NO_COMMON_BLOCKS = YES;
				GCC_WARN_64_TO_32_BIT_CONVERSION = YES;
				GCC_WARN_ABOUT_RETURN_TYPE = YES_ERROR;
				GCC_WARN_UNDECLARED_SELECTOR = YES;
				GCC_WARN_UNINITIALIZED_AUTOS = YES_AGGRESSIVE;
				GCC_WARN_UNUSED_FUNCTION = YES;
				GCC_WARN_UNUSED_VARIABLE = YES;
				IPHONEOS_DEPLOYMENT_TARGET = 9.3;
				MTL_ENABLE_DEBUG_INFO = NO;
				SDKROOT = iphoneos;
				TARGETED_DEVICE_FAMILY = "1,2";
				VALIDATE_PRODUCT = YES;
			};
			name = Release;
		};
		857AF4BA1CF7E7420090A3F2 /* Debug */ = {
			isa = XCBuildConfiguration;
			baseConfigurationReference = B7DA5293FBDE8E9E4381BA1C /* Pods.debug.xcconfig */;
			buildSettings = {
				ASSETCATALOG_COMPILER_APPICON_NAME = AppIcon;
				GCC_PREFIX_HEADER = "$(SRCROOT)/baoliaoxianfeng/CommonDefine.pch";
				INFOPLIST_FILE = baoliaoxianfeng/Info.plist;
				LD_RUNPATH_SEARCH_PATHS = "$(inherited) @executable_path/Frameworks";
				PRODUCT_BUNDLE_IDENTIFIER = com.Daubert.baoliaoxianfeng;
				PRODUCT_NAME = "$(TARGET_NAME)";
			};
			name = Debug;
		};
		857AF4BB1CF7E7420090A3F2 /* Release */ = {
			isa = XCBuildConfiguration;
			baseConfigurationReference = F58FD785FB0F21ECD86CF753 /* Pods.release.xcconfig */;
			buildSettings = {
				ASSETCATALOG_COMPILER_APPICON_NAME = AppIcon;
				GCC_PREFIX_HEADER = "$(SRCROOT)/baoliaoxianfeng/CommonDefine.pch";
				INFOPLIST_FILE = baoliaoxianfeng/Info.plist;
				LD_RUNPATH_SEARCH_PATHS = "$(inherited) @executable_path/Frameworks";
				PRODUCT_BUNDLE_IDENTIFIER = com.Daubert.baoliaoxianfeng;
				PRODUCT_NAME = "$(TARGET_NAME)";
			};
			name = Release;
		};
		857AF4BD1CF7E7420090A3F2 /* Debug */ = {
			isa = XCBuildConfiguration;
			buildSettings = {
				BUNDLE_LOADER = "$(TEST_HOST)";
				INFOPLIST_FILE = baoliaoxianfengTests/Info.plist;
				LD_RUNPATH_SEARCH_PATHS = "$(inherited) @executable_path/Frameworks @loader_path/Frameworks";
				PRODUCT_BUNDLE_IDENTIFIER = com.Daubert.baoliaoxianfengTests;
				PRODUCT_NAME = "$(TARGET_NAME)";
				TEST_HOST = "$(BUILT_PRODUCTS_DIR)/baoliaoxianfeng.app/baoliaoxianfeng";
			};
			name = Debug;
		};
		857AF4BE1CF7E7420090A3F2 /* Release */ = {
			isa = XCBuildConfiguration;
			buildSettings = {
				BUNDLE_LOADER = "$(TEST_HOST)";
				INFOPLIST_FILE = baoliaoxianfengTests/Info.plist;
				LD_RUNPATH_SEARCH_PATHS = "$(inherited) @executable_path/Frameworks @loader_path/Frameworks";
				PRODUCT_BUNDLE_IDENTIFIER = com.Daubert.baoliaoxianfengTests;
				PRODUCT_NAME = "$(TARGET_NAME)";
				TEST_HOST = "$(BUILT_PRODUCTS_DIR)/baoliaoxianfeng.app/baoliaoxianfeng";
			};
			name = Release;
		};
		857AF4C01CF7E7420090A3F2 /* Debug */ = {
			isa = XCBuildConfiguration;
			buildSettings = {
				INFOPLIST_FILE = baoliaoxianfengUITests/Info.plist;
				LD_RUNPATH_SEARCH_PATHS = "$(inherited) @executable_path/Frameworks @loader_path/Frameworks";
				PRODUCT_BUNDLE_IDENTIFIER = com.Daubert.baoliaoxianfengUITests;
				PRODUCT_NAME = "$(TARGET_NAME)";
				TEST_TARGET_NAME = baoliaoxianfeng;
			};
			name = Debug;
		};
		857AF4C11CF7E7420090A3F2 /* Release */ = {
			isa = XCBuildConfiguration;
			buildSettings = {
				INFOPLIST_FILE = baoliaoxianfengUITests/Info.plist;
				LD_RUNPATH_SEARCH_PATHS = "$(inherited) @executable_path/Frameworks @loader_path/Frameworks";
				PRODUCT_BUNDLE_IDENTIFIER = com.Daubert.baoliaoxianfengUITests;
				PRODUCT_NAME = "$(TARGET_NAME)";
				TEST_TARGET_NAME = baoliaoxianfeng;
			};
			name = Release;
		};
/* End XCBuildConfiguration section */

/* Begin XCConfigurationList section */
		857AF4871CF7E7410090A3F2 /* Build configuration list for PBXProject "baoliaoxianfeng" */ = {
			isa = XCConfigurationList;
			buildConfigurations = (
				857AF4B71CF7E7420090A3F2 /* Debug */,
				857AF4B81CF7E7420090A3F2 /* Release */,
			);
			defaultConfigurationIsVisible = 0;
			defaultConfigurationName = Release;
		};
		857AF4B91CF7E7420090A3F2 /* Build configuration list for PBXNativeTarget "baoliaoxianfeng" */ = {
			isa = XCConfigurationList;
			buildConfigurations = (
				857AF4BA1CF7E7420090A3F2 /* Debug */,
				857AF4BB1CF7E7420090A3F2 /* Release */,
			);
			defaultConfigurationIsVisible = 0;
			defaultConfigurationName = Release;
		};
		857AF4BC1CF7E7420090A3F2 /* Build configuration list for PBXNativeTarget "baoliaoxianfengTests" */ = {
			isa = XCConfigurationList;
			buildConfigurations = (
				857AF4BD1CF7E7420090A3F2 /* Debug */,
				857AF4BE1CF7E7420090A3F2 /* Release */,
			);
			defaultConfigurationIsVisible = 0;
			defaultConfigurationName = Release;
		};
		857AF4BF1CF7E7420090A3F2 /* Build configuration list for PBXNativeTarget "baoliaoxianfengUITests" */ = {
			isa = XCConfigurationList;
			buildConfigurations = (
				857AF4C01CF7E7420090A3F2 /* Debug */,
				857AF4C11CF7E7420090A3F2 /* Release */,
			);
			defaultConfigurationIsVisible = 0;
			defaultConfigurationName = Release;
		};
/* End XCConfigurationList section */
	};
	rootObject = 857AF4841CF7E7410090A3F2 /* Project object */;
}
